
Microsoft Visual Studio Solution File, Format Version 12.00
# Visual Studio 15
VisualStudioVersion = 15.0.27130.2024
MinimumVisualStudioVersion = 10.0.40219.1
Project("{2150E333-8FDC-42A3-9474-1A3956D46DE8}") = "Solution Items", "Solution Items", "{462F257B-5EDE-4409-9982-AFA7B17BDFF8}"
	ProjectSection(SolutionItems) = preProject
		..\scripts\build.ps1 = ..\scripts\build.ps1
		..\readme.txt = ..\readme.txt
	EndProjectSection
EndProject
Project("{2150E333-8FDC-42A3-9474-1A3956D46DE8}") = ".nuget", ".nuget", "{BF70CF51-646B-4371-9812-99A22AB4FDC1}"
	ProjectSection(SolutionItems) = preProject
		.nuget\packages.config = .nuget\packages.config
	EndProjectSection
EndProject
Project("{9A19103F-16F7-4668-BE54-9A1E7A4F7556}") = "log4net.ElasticSearch", "log4net.ElasticSearch\log4net.ElasticSearch.csproj", "{B28610ED-C50E-4F01-9488-2E46A4A4B9A5}"
EndProject
Project("{9A19103F-16F7-4668-BE54-9A1E7A4F7556}") = "log4net.ElasticSearch.Tests", "log4net.ElasticSearch.Tests\log4net.ElasticSearch.Tests.csproj", "{11F0F87C-A9F6-4A74-A7BB-036811FA5628}"
EndProject
Global
	GlobalSection(SolutionConfigurationPlatforms) = preSolution
		Debug|Any CPU = Debug|Any CPU
		Release|Any CPU = Release|Any CPU
	EndGlobalSection
	GlobalSection(ProjectConfigurationPlatforms) = postSolution
		{B28610ED-C50E-4F01-9488-2E46A4A4B9A5}.Debug|Any CPU.ActiveCfg = Debug|Any CPU
		{B28610ED-C50E-4F01-9488-2E46A4A4B9A5}.Debug|Any CPU.Build.0 = Debug|Any CPU
		{B28610ED-C50E-4F01-9488-2E46A4A4B9A5}.Release|Any CPU.ActiveCfg = Release|Any CPU
		{B28610ED-C50E-4F01-9488-2E46A4A4B9A5}.Release|Any CPU.Build.0 = Release|Any CPU
		{11F0F87C-A9F6-4A74-A7BB-036811FA5628}.Debug|Any CPU.ActiveCfg = Debug|Any CPU
		{11F0F87C-A9F6-4A74-A7BB-036811FA5628}.Debug|Any CPU.Build.0 = Debug|Any CPU
		{11F0F87C-A9F6-4A74-A7BB-036811FA5628}.Release|Any CPU.ActiveCfg = Release|Any CPU
		{11F0F87C-A9F6-4A74-A7BB-036811FA5628}.Release|Any CPU.Build.0 = Release|Any CPU
	EndGlobalSection
	GlobalSection(SolutionProperties) = preSolution
		HideSolutionNode = FALSE
	EndGlobalSection
	GlobalSection(ExtensibilityGlobals) = postSolution
		SolutionGuid = {176B35B0-D7A5-4D63-AC41-A858F304B4F6}
	EndGlobalSection
EndGlobal
